
Microsoft Visual Studio Solution File, Format Version 12.00
# Visual Studio 15
VisualStudioVersion = 15.0.28307.1062
MinimumVisualStudioVersion = 10.0.40219.1
Project("{FAE04EC0-301F-11D3-BF4B-00C04F79EFBC}") = "PrimerTemaParcial", "PrimerTemaParcial\PrimerTemaParcial.csproj", "{609EA275-AA12-4E44-B745-4758F848FDB9}"
EndProject
Project("{FAE04EC0-301F-11D3-BF4B-00C04F79EFBC}") = "logica", "logica\logica.csproj", "{5863CDB1-1C94-450A-9C86-29E9EC4D5EFE}"
EndProject
Global
	GlobalSection(SolutionConfigurationPlatforms) = preSolution
		Debug|Any CPU = Debug|Any CPU
		Release|Any CPU = Release|Any CPU
	EndGlobalSection
	GlobalSection(ProjectConfigurationPlatforms) = postSolution
		{609EA275-AA12-4E44-B745-4758F848FDB9}.Debug|Any CPU.ActiveCfg = Debug|Any CPU
		{609EA275-AA12-4E44-B745-4758F848FDB9}.Debug|Any CPU.Build.0 = Debug|Any CPU
		{609EA275-AA12-4E44-B745-4758F848FDB9}.Release|Any CPU.ActiveCfg = Release|Any CPU
		{609EA275-AA12-4E44-B745-4758F848FDB9}.Release|Any CPU.Build.0 = Release|Any CPU
		{5863CDB1-1C94-450A-9C86-29E9EC4D5EFE}.Debug|Any CPU.ActiveCfg = Debug|Any CPU
		{5863CDB1-1C94-450A-9C86-29E9EC4D5EFE}.Debug|Any CPU.Build.0 = Debug|Any CPU
		{5863CDB1-1C94-450A-9C86-29E9EC4D5EFE}.Release|Any CPU.ActiveCfg = Release|Any CPU
		{5863CDB1-1C94-450A-9C86-29E9EC4D5EFE}.Release|Any CPU.Build.0 = Release|Any CPU
	EndGlobalSection
	GlobalSection(SolutionProperties) = preSolution
		HideSolutionNode = FALSE
	EndGlobalSection
	GlobalSection(ExtensibilityGlobals) = postSolution
		SolutionGuid = {A58DC087-8E40-4BEA-9BC6-E97553BBA02B}
	EndGlobalSection
EndGlobal
